
Microsoft Visual Studio Solution File, Format Version 12.00
# Visual Studio 15
VisualStudioVersion = 15.0.27004.2002
MinimumVisualStudioVersion = 10.0.40219.1
Project("{FAE04EC0-301F-11D3-BF4B-00C04F79EFBC}") = "heitech.ObjectExpander", "heitech.ObjectExpander\heitech.ObjectExpander.csproj", "{47A0033A-785B-425A-B9AE-BA502D6685D1}"
EndProject
Project("{FAE04EC0-301F-11D3-BF4B-00C04F79EFBC}") = "heitech.ObjectExpander.Tests", "heitech.ObjectExpander.Tests\heitech.ObjectExpander.Tests.csproj", "{4C522978-2EB3-42B7-8474-925109F420DE}"
EndProject
Project("{FAE04EC0-301F-11D3-BF4B-00C04F79EFBC}") = "heitech.ObjectExpander.Cli", "heitech.ObjectExpander.Cli\heitech.ObjectExpander.Cli.csproj", "{969BA809-42E1-48E1-86A3-12B0A6B89F6A}"
EndProject
Global
	GlobalSection(SolutionConfigurationPlatforms) = preSolution
		Debug|Any CPU = Debug|Any CPU
		Release|Any CPU = Release|Any CPU
	EndGlobalSection
	GlobalSection(ProjectConfigurationPlatforms) = postSolution
		{47A0033A-785B-425A-B9AE-BA502D6685D1}.Debug|Any CPU.ActiveCfg = Debug|Any CPU
		{47A0033A-785B-425A-B9AE-BA502D6685D1}.Debug|Any CPU.Build.0 = Debug|Any CPU
		{47A0033A-785B-425A-B9AE-BA502D6685D1}.Release|Any CPU.ActiveCfg = Release|Any CPU
		{47A0033A-785B-425A-B9AE-BA502D6685D1}.Release|Any CPU.Build.0 = Release|Any CPU
		{4C522978-2EB3-42B7-8474-925109F420DE}.Debug|Any CPU.ActiveCfg = Debug|Any CPU
		{4C522978-2EB3-42B7-8474-925109F420DE}.Debug|Any CPU.Build.0 = Debug|Any CPU
		{4C522978-2EB3-42B7-8474-925109F420DE}.Release|Any CPU.ActiveCfg = Release|Any CPU
		{4C522978-2EB3-42B7-8474-925109F420DE}.Release|Any CPU.Build.0 = Release|Any CPU
		{969BA809-42E1-48E1-86A3-12B0A6B89F6A}.Debug|Any CPU.ActiveCfg = Debug|Any CPU
		{969BA809-42E1-48E1-86A3-12B0A6B89F6A}.Debug|Any CPU.Build.0 = Debug|Any CPU
		{969BA809-42E1-48E1-86A3-12B0A6B89F6A}.Release|Any CPU.ActiveCfg = Release|Any CPU
		{969BA809-42E1-48E1-86A3-12B0A6B89F6A}.Release|Any CPU.Build.0 = Release|Any CPU
	EndGlobalSection
	GlobalSection(SolutionProperties) = preSolution
		HideSolutionNode = FALSE
	EndGlobalSection
	GlobalSection(ExtensibilityGlobals) = postSolution
		SolutionGuid = {A76EC474-1A11-4682-B7B7-957101BCD8D1}
	EndGlobalSection
EndGlobal
